
Microsoft Visual Studio Solution File, Format Version 12.00
# Visual Studio Version 16
VisualStudioVersion = 16.0.31105.61
MinimumVisualStudioVersion = 10.0.40219.1
Project("{FAE04EC0-301F-11D3-BF4B-00C04F79EFBC}") = "mandrakespcfps", "mandrakespcfps.csproj", "{842FB72C-AA1F-4C4D-97B4-0E0A72599366}"
EndProject
Global
	GlobalSection(SolutionConfigurationPlatforms) = preSolution
		Debug|Any CPU = Debug|Any CPU
		Release|Any CPU = Release|Any CPU
	EndGlobalSection
	GlobalSection(ProjectConfigurationPlatforms) = postSolution
		{842FB72C-AA1F-4C4D-97B4-0E0A72599366}.Debug|Any CPU.ActiveCfg = Debug|Any CPU
		{842FB72C-AA1F-4C4D-97B4-0E0A72599366}.Debug|Any CPU.Build.0 = Debug|Any CPU
		{842FB72C-AA1F-4C4D-97B4-0E0A72599366}.Release|Any CPU.ActiveCfg = Release|Any CPU
		{842FB72C-AA1F-4C4D-97B4-0E0A72599366}.Release|Any CPU.Build.0 = Release|Any CPU
	EndGlobalSection
	GlobalSection(SolutionProperties) = preSolution
		HideSolutionNode = FALSE
	EndGlobalSection
	GlobalSection(ExtensibilityGlobals) = postSolution
		SolutionGuid = {0660D592-226D-4E9D-B17C-C235468EA030}
	EndGlobalSection
EndGlobal
